
Microsoft Visual Studio Solution File, Format Version 12.00
# Visual Studio 14
VisualStudioVersion = 14.0.24720.0
MinimumVisualStudioVersion = 10.0.40219.1
Project("{FAE04EC0-301F-11D3-BF4B-00C04F79EFBC}") = "Chancelerry", "Chancelerry\Chancelerry.csproj", "{A485D7DD-E240-4833-9B61-D87A63C5C7FB}"
EndProject
Global
	GlobalSection(SolutionConfigurationPlatforms) = preSolution
		Debug|Any CPU = Debug|Any CPU
		Release|Any CPU = Release|Any CPU
	EndGlobalSection
	GlobalSection(ProjectConfigurationPlatforms) = postSolution
		{A485D7DD-E240-4833-9B61-D87A63C5C7FB}.Debug|Any CPU.ActiveCfg = Debug|Any CPU
		{A485D7DD-E240-4833-9B61-D87A63C5C7FB}.Debug|Any CPU.Build.0 = Debug|Any CPU
		{A485D7DD-E240-4833-9B61-D87A63C5C7FB}.Release|Any CPU.ActiveCfg = Release|Any CPU
		{A485D7DD-E240-4833-9B61-D87A63C5C7FB}.Release|Any CPU.Build.0 = Release|Any CPU
	EndGlobalSection
	GlobalSection(SolutionProperties) = preSolution
		HideSolutionNode = FALSE
	EndGlobalSection
EndGlobal
